
Microsoft Visual Studio Solution File, Format Version 12.00
Project("{FAE04EC0-301F-11D3-BF4B-00C04F79EFBC}") = "2023_cs", "2023_cs.csproj", "{942E6C89-4368-47DD-A39E-AD4B1FB9C1E5}"
EndProject
Global
	GlobalSection(SolutionConfigurationPlatforms) = preSolution
		Debug|Any CPU = Debug|Any CPU
		Release|Any CPU = Release|Any CPU
	EndGlobalSection
	GlobalSection(ProjectConfigurationPlatforms) = postSolution
		{942E6C89-4368-47DD-A39E-AD4B1FB9C1E5}.Debug|Any CPU.ActiveCfg = Debug|Any CPU
		{942E6C89-4368-47DD-A39E-AD4B1FB9C1E5}.Debug|Any CPU.Build.0 = Debug|Any CPU
		{942E6C89-4368-47DD-A39E-AD4B1FB9C1E5}.Release|Any CPU.ActiveCfg = Release|Any CPU
		{942E6C89-4368-47DD-A39E-AD4B1FB9C1E5}.Release|Any CPU.Build.0 = Release|Any CPU
	EndGlobalSection
EndGlobal
